// !$*UTF8*$!
{
	archiveVersion = 1;
	classes = {
	};
	objectVersion = 48;
	objects = {

/* Begin PBXBuildFile section */
		E5A0A2988A15E725F41CF529 /* Pods_Todoey.framework in Frameworks */ = {isa = PBXBuildFile; fileRef = 931A53C54083A29CC41A1C18 /* Pods_Todoey.framework */; };
		EF01499220600EFE006994B1 /* AppDelegate.swift in Sources */ = {isa = PBXBuildFile; fileRef = EF01499120600EFE006994B1 /* AppDelegate.swift */; };
		EF01499420600EFE006994B1 /* ToDoListViewController.swift in Sources */ = {isa = PBXBuildFile; fileRef = EF01499320600EFE006994B1 /* ToDoListViewController.swift */; };
		EF01499720600EFE006994B1 /* Main.storyboard in Resources */ = {isa = PBXBuildFile; fileRef = EF01499520600EFE006994B1 /* Main.storyboard */; };
		EF01499920600EFE006994B1 /* Assets.xcassets in Resources */ = {isa = PBXBuildFile; fileRef = EF01499820600EFE006994B1 /* Assets.xcassets */; };
		EF01499C20600EFE006994B1 /* LaunchScreen.storyboard in Resources */ = {isa = PBXBuildFile; fileRef = EF01499A20600EFE006994B1 /* LaunchScreen.storyboard */; };
		EF48946420610CAA00483469 /* ToDoDataModel.xcdatamodeld in Sources */ = {isa = PBXBuildFile; fileRef = EF48946220610CAA00483469 /* ToDoDataModel.xcdatamodeld */; };
		EF4894872061412500483469 /* ToDoListControllerSearchBar.swift in Sources */ = {isa = PBXBuildFile; fileRef = EF4894862061412500483469 /* ToDoListControllerSearchBar.swift */; };
		EF48948920614B7100483469 /* CategoryViewController.swift in Sources */ = {isa = PBXBuildFile; fileRef = EF48948820614B7100483469 /* CategoryViewController.swift */; };
/* End PBXBuildFile section */

/* Begin PBXFileReference section */
		30A733733EF49FF6E64F3C31 /* Pods-Todoey.release.xcconfig */ = {isa = PBXFileReference; includeInIndex = 1; lastKnownFileType = text.xcconfig; name = "Pods-Todoey.release.xcconfig"; path = "Pods/Target Support Files/Pods-Todoey/Pods-Todoey.release.xcconfig"; sourceTree = "<group>"; };
		931A53C54083A29CC41A1C18 /* Pods_Todoey.framework */ = {isa = PBXFileReference; explicitFileType = wrapper.framework; includeInIndex = 0; path = Pods_Todoey.framework; sourceTree = BUILT_PRODUCTS_DIR; };
		EF01498E20600EFE006994B1 /* Todoey.app */ = {isa = PBXFileReference; explicitFileType = wrapper.application; includeInIndex = 0; path = Todoey.app; sourceTree = BUILT_PRODUCTS_DIR; };
		EF01499120600EFE006994B1 /* AppDelegate.swift */ = {isa = PBXFileReference; lastKnownFileType = sourcecode.swift; path = AppDelegate.swift; sourceTree = "<group>"; };
		EF01499320600EFE006994B1 /* ToDoListViewController.swift */ = {isa = PBXFileReference; lastKnownFileType = sourcecode.swift; path = ToDoListViewController.swift; sourceTree = "<group>"; };
		EF01499620600EFE006994B1 /* Base */ = {isa = PBXFileReference; lastKnownFileType = file.storyboard; name = Base; path = Base.lproj/Main.storyboard; sourceTree = "<group>"; };
		EF01499820600EFE006994B1 /* Assets.xcassets */ = {isa = PBXFileReference; lastKnownFileType = folder.assetcatalog; path = Assets.xcassets; sourceTree = "<group>"; };
		EF01499B20600EFE006994B1 /* Base */ = {isa = PBXFileReference; lastKnownFileType = file.storyboard; name = Base; path = Base.lproj/LaunchScreen.storyboard; sourceTree = "<group>"; };
		EF01499D20600EFE006994B1 /* Info.plist */ = {isa = PBXFileReference; lastKnownFileType = text.plist.xml; path = Info.plist; sourceTree = "<group>"; };
		EF48946320610CAA00483469 /* ToDoDataModel.xcdatamodel */ = {isa = PBXFileReference; lastKnownFileType = wrapper.xcdatamodel; path = ToDoDataModel.xcdatamodel; sourceTree = "<group>"; };
		EF4894862061412500483469 /* ToDoListControllerSearchBar.swift */ = {isa = PBXFileReference; lastKnownFileType = sourcecode.swift; path = ToDoListControllerSearchBar.swift; sourceTree = "<group>"; };
		EF48948820614B7100483469 /* CategoryViewController.swift */ = {isa = PBXFileReference; lastKnownFileType = sourcecode.swift; path = CategoryViewController.swift; sourceTree = "<group>"; };
		FCD2CB27765BACA37999DC35 /* Pods-Todoey.debug.xcconfig */ = {isa = PBXFileReference; includeInIndex = 1; lastKnownFileType = text.xcconfig; name = "Pods-Todoey.debug.xcconfig"; path = "Pods/Target Support Files/Pods-Todoey/Pods-Todoey.debug.xcconfig"; sourceTree = "<group>"; };
/* End PBXFileReference section */

/* Begin PBXFrameworksBuildPhase section */
		EF01498B20600EFE006994B1 /* Frameworks */ = {
			isa = PBXFrameworksBuildPhase;
			buildActionMask = 2147483647;
			files = (
				E5A0A2988A15E725F41CF529 /* Pods_Todoey.framework in Frameworks */,
			);
			runOnlyForDeploymentPostprocessing = 0;
		};
/* End PBXFrameworksBuildPhase section */

/* Begin PBXGroup section */
		11A12D0D3588EA7C5EF039C2 /* Frameworks */ = {
			isa = PBXGroup;
			children = (
				931A53C54083A29CC41A1C18 /* Pods_Todoey.framework */,
			);
			name = Frameworks;
			sourceTree = "<group>";
		};
		2439022EF93DAD271A8A23C1 /* Pods */ = {
			isa = PBXGroup;
			children = (
				FCD2CB27765BACA37999DC35 /* Pods-Todoey.debug.xcconfig */,
				30A733733EF49FF6E64F3C31 /* Pods-Todoey.release.xcconfig */,
			);
			name = Pods;
			sourceTree = "<group>";
		};
		EF01498520600EFE006994B1 = {
			isa = PBXGroup;
			children = (
				EF01499020600EFE006994B1 /* Todoey */,
				EF01498F20600EFE006994B1 /* Products */,
				2439022EF93DAD271A8A23C1 /* Pods */,
				11A12D0D3588EA7C5EF039C2 /* Frameworks */,
			);
			sourceTree = "<group>";
		};
		EF01498F20600EFE006994B1 /* Products */ = {
			isa = PBXGroup;
			children = (
				EF01498E20600EFE006994B1 /* Todoey.app */,
			);
			name = Products;
			sourceTree = "<group>";
		};
		EF01499020600EFE006994B1 /* Todoey */ = {
			isa = PBXGroup;
			children = (
				EF34B88D20604AF4007506B5 /* Models */,
				EF34B88C20604AE9007506B5 /* Controllers */,
				EF34B88B20604AE4007506B5 /* Views */,
				EF01499120600EFE006994B1 /* AppDelegate.swift */,
				EF01499820600EFE006994B1 /* Assets.xcassets */,
				EF01499A20600EFE006994B1 /* LaunchScreen.storyboard */,
				EF01499D20600EFE006994B1 /* Info.plist */,
			);
			path = Todoey;
			sourceTree = "<group>";
		};
		EF34B88B20604AE4007506B5 /* Views */ = {
			isa = PBXGroup;
			children = (
				EF01499520600EFE006994B1 /* Main.storyboard */,
			);
			path = Views;
			sourceTree = "<group>";
		};
		EF34B88C20604AE9007506B5 /* Controllers */ = {
			isa = PBXGroup;
			children = (
				EF01499320600EFE006994B1 /* ToDoListViewController.swift */,
				EF4894862061412500483469 /* ToDoListControllerSearchBar.swift */,
				EF48948820614B7100483469 /* CategoryViewController.swift */,
			);
			path = Controllers;
			sourceTree = "<group>";
		};
		EF34B88D20604AF4007506B5 /* Models */ = {
			isa = PBXGroup;
			children = (
				EF48946220610CAA00483469 /* ToDoDataModel.xcdatamodeld */,
			);
			path = Models;
			sourceTree = "<group>";
		};
/* End PBXGroup section */

/* Begin PBXNativeTarget section */
		EF01498D20600EFE006994B1 /* Todoey */ = {
			isa = PBXNativeTarget;
			buildConfigurationList = EF0149A020600EFE006994B1 /* Build configuration list for PBXNativeTarget "Todoey" */;
			buildPhases = (
				70274FD7A488B65A67F3096A /* [CP] Check Pods Manifest.lock */,
				EF01498A20600EFE006994B1 /* Sources */,
				EF01498B20600EFE006994B1 /* Frameworks */,
				EF01498C20600EFE006994B1 /* Resources */,
				B0A808FDD2B61F5AD93474D5 /* [CP] Embed Pods Frameworks */,
				DCD5C13C9EE8D7118F866006 /* [CP] Copy Pods Resources */,
			);
			buildRules = (
			);
			dependencies = (
			);
			name = Todoey;
			productName = Todoey;
			productReference = EF01498E20600EFE006994B1 /* Todoey.app */;
			productType = "com.apple.product-type.application";
		};
/* End PBXNativeTarget section */

/* Begin PBXProject section */
		EF01498620600EFE006994B1 /* Project object */ = {
			isa = PBXProject;
			attributes = {
				LastSwiftUpdateCheck = 0920;
				LastUpgradeCheck = 0920;
				ORGANIZATIONNAME = Jarek;
				TargetAttributes = {
					EF01498D20600EFE006994B1 = {
						CreatedOnToolsVersion = 9.2;
						ProvisioningStyle = Automatic;
					};
				};
			};
			buildConfigurationList = EF01498920600EFE006994B1 /* Build configuration list for PBXProject "Todoey" */;
			compatibilityVersion = "Xcode 8.0";
			developmentRegion = en;
			hasScannedForEncodings = 0;
			knownRegions = (
				en,
				Base,
			);
			mainGroup = EF01498520600EFE006994B1;
			productRefGroup = EF01498F20600EFE006994B1 /* Products */;
			projectDirPath = "";
			projectRoot = "";
			targets = (
				EF01498D20600EFE006994B1 /* Todoey */,
			);
		};
/* End PBXProject section */

/* Begin PBXResourcesBuildPhase section */
		EF01498C20600EFE006994B1 /* Resources */ = {
			isa = PBXResourcesBuildPhase;
			buildActionMask = 2147483647;
			files = (
				EF01499C20600EFE006994B1 /* LaunchScreen.storyboard in Resources */,
				EF01499920600EFE006994B1 /* Assets.xcassets in Resources */,
				EF01499720600EFE006994B1 /* Main.storyboard in Resources */,
			);
			runOnlyForDeploymentPostprocessing = 0;
		};
/* End PBXResourcesBuildPhase section */

/* Begin PBXShellScriptBuildPhase section */
		70274FD7A488B65A67F3096A /* [CP] Check Pods Manifest.lock */ = {
			isa = PBXShellScriptBuildPhase;
			buildActionMask = 2147483647;
			files = (
			);
			inputPaths = (
				"${PODS_PODFILE_DIR_PATH}/Podfile.lock",
				"${PODS_ROOT}/Manifest.lock",
			);
			name = "[CP] Check Pods Manifest.lock";
			outputPaths = (
				"$(DERIVED_FILE_DIR)/Pods-Todoey-checkManifestLockResult.txt",
			);
			runOnlyForDeploymentPostprocessing = 0;
			shellPath = /bin/sh;
			shellScript = "diff \"${PODS_PODFILE_DIR_PATH}/Podfile.lock\" \"${PODS_ROOT}/Manifest.lock\" > /dev/null\nif [ $? != 0 ] ; then\n    # print error to STDERR\n    echo \"error: The sandbox is not in sync with the Podfile.lock. Run 'pod install' or update your CocoaPods installation.\" >&2\n    exit 1\nfi\n# This output is used by Xcode 'outputs' to avoid re-running this script phase.\necho \"SUCCESS\" > \"${SCRIPT_OUTPUT_FILE_0}\"\n";
			showEnvVarsInLog = 0;
		};
		B0A808FDD2B61F5AD93474D5 /* [CP] Embed Pods Frameworks */ = {
			isa = PBXShellScriptBuildPhase;
			buildActionMask = 2147483647;
			files = (
			);
			inputPaths = (
				"${SRCROOT}/Pods/Target Support Files/Pods-Todoey/Pods-Todoey-frameworks.sh",
				"${BUILT_PRODUCTS_DIR}/Realm/Realm.framework",
				"${BUILT_PRODUCTS_DIR}/RealmSwift/RealmSwift.framework",
			);
			name = "[CP] Embed Pods Frameworks";
			outputPaths = (
				"${TARGET_BUILD_DIR}/${FRAMEWORKS_FOLDER_PATH}/Realm.framework",
				"${TARGET_BUILD_DIR}/${FRAMEWORKS_FOLDER_PATH}/RealmSwift.framework",
			);
			runOnlyForDeploymentPostprocessing = 0;
			shellPath = /bin/sh;
			shellScript = "\"${SRCROOT}/Pods/Target Support Files/Pods-Todoey/Pods-Todoey-frameworks.sh\"\n";
			showEnvVarsInLog = 0;
		};
		DCD5C13C9EE8D7118F866006 /* [CP] Copy Pods Resources */ = {
			isa = PBXShellScriptBuildPhase;
			buildActionMask = 2147483647;
			files = (
			);
			inputPaths = (
			);
			name = "[CP] Copy Pods Resources";
			outputPaths = (
			);
			runOnlyForDeploymentPostprocessing = 0;
			shellPath = /bin/sh;
			shellScript = "\"${SRCROOT}/Pods/Target Support Files/Pods-Todoey/Pods-Todoey-resources.sh\"\n";
			showEnvVarsInLog = 0;
		};
/* End PBXShellScriptBuildPhase section */

/* Begin PBXSourcesBuildPhase section */
		EF01498A20600EFE006994B1 /* Sources */ = {
			isa = PBXSourcesBuildPhase;
			buildActionMask = 2147483647;
			files = (
				EF48948920614B7100483469 /* CategoryViewController.swift in Sources */,
				EF01499420600EFE006994B1 /* ToDoListViewController.swift in Sources */,
				EF01499220600EFE006994B1 /* AppDelegate.swift in Sources */,
				EF48946420610CAA00483469 /* ToDoDataModel.xcdatamodeld in Sources */,
				EF4894872061412500483469 /* ToDoListControllerSearchBar.swift in Sources */,
			);
			runOnlyForDeploymentPostprocessing = 0;
		};
/* End PBXSourcesBuildPhase section */

/* Begin PBXVariantGroup section */
		EF01499520600EFE006994B1 /* Main.storyboard */ = {
			isa = PBXVariantGroup;
			children = (
				EF01499620600EFE006994B1 /* Base */,
			);
			name = Main.storyboard;
			sourceTree = "<group>";
		};
		EF01499A20600EFE006994B1 /* LaunchScreen.storyboard */ = {
			isa = PBXVariantGroup;
			children = (
				EF01499B20600EFE006994B1 /* Base */,
			);
			name = LaunchScreen.storyboard;
			sourceTree = "<group>";
		};
/* End PBXVariantGroup section */

/* Begin XCBuildConfiguration section */
		EF01499E20600EFE006994B1 /* Debug */ = {
			isa = XCBuildConfiguration;
			buildSettings = {
				ALWAYS_SEARCH_USER_PATHS = NO;
				CLANG_ANALYZER_NONNULL = YES;
				CLANG_ANALYZER_NUMBER_OBJECT_CONVERSION = YES_AGGRESSIVE;
				CLANG_CXX_LANGUAGE_STANDARD = "gnu++14";
				CLANG_CXX_LIBRARY = "libc++";
				CLANG_ENABLE_MODULES = YES;
				CLANG_ENABLE_OBJC_ARC = YES;
				CLANG_WARN_BLOCK_CAPTURE_AUTORELEASING = YES;
				CLANG_WARN_BOOL_CONVERSION = YES;
				CLANG_WARN_COMMA = YES;
				CLANG_WARN_CONSTANT_CONVERSION = YES;
				CLANG_WARN_DIRECT_OBJC_ISA_USAGE = YES_ERROR;
				CLANG_WARN_DOCUMENTATION_COMMENTS = YES;
				CLANG_WARN_EMPTY_BODY = YES;
				CLANG_WARN_ENUM_CONVERSION = YES;
				CLANG_WARN_INFINITE_RECURSION = YES;
				CLANG_WARN_INT_CONVERSION = YES;
				CLANG_WARN_NON_LITERAL_NULL_CONVERSION = YES;
				CLANG_WARN_OBJC_LITERAL_CONVERSION = YES;
				CLANG_WARN_OBJC_ROOT_CLASS = YES_ERROR;
				CLANG_WARN_RANGE_LOOP_ANALYSIS = YES;
				CLANG_WARN_STRICT_PROTOTYPES = YES;
				CLANG_WARN_SUSPICIOUS_MOVE = YES;
				CLANG_WARN_UNGUARDED_AVAILABILITY = YES_AGGRESSIVE;
				CLANG_WARN_UNREACHABLE_CODE = YES;
				CLANG_WARN__DUPLICATE_METHOD_MATCH = YES;
				CODE_SIGN_IDENTITY = "iPhone Developer";
				COPY_PHASE_STRIP = NO;
				DEBUG_INFORMATION_FORMAT = dwarf;
				ENABLE_STRICT_OBJC_MSGSEND = YES;
				ENABLE_TESTABILITY = YES;
				GCC_C_LANGUAGE_STANDARD = gnu11;
				GCC_DYNAMIC_NO_PIC = NO;
				GCC_NO_COMMON_BLOCKS = YES;
				GCC_OPTIMIZATION_LEVEL = 0;
				GCC_PREPROCESSOR_DEFINITIONS = (
					"DEBUG=1",
					"$(inherited)",
				);
				GCC_WARN_64_TO_32_BIT_CONVERSION = YES;
				GCC_WARN_ABOUT_RETURN_TYPE = YES_ERROR;
				GCC_WARN_UNDECLARED_SELECTOR = YES;
				GCC_WARN_UNINITIALIZED_AUTOS = YES_AGGRESSIVE;
				GCC_WARN_UNUSED_FUNCTION = YES;
				GCC_WARN_UNUSED_VARIABLE = YES;
				IPHONEOS_DEPLOYMENT_TARGET = 11.2;
				MTL_ENABLE_DEBUG_INFO = YES;
				ONLY_ACTIVE_ARCH = YES;
				SDKROOT = iphoneos;
				SWIFT_ACTIVE_COMPILATION_CONDITIONS = DEBUG;
				SWIFT_OPTIMIZATION_LEVEL = "-Onone";
			};
			name = Debug;
		};
		EF01499F20600EFE006994B1 /* Release */ = {
			isa = XCBuildConfiguration;
			buildSettings = {
				ALWAYS_SEARCH_USER_PATHS = NO;
				CLANG_ANALYZER_NONNULL = YES;
				CLANG_ANALYZER_NUMBER_OBJECT_CONVERSION = YES_AGGRESSIVE;
				CLANG_CXX_LANGUAGE_STANDARD = "gnu++14";
				CLANG_CXX_LIBRARY = "libc++";
				CLANG_ENABLE_MODULES = YES;
				CLANG_ENABLE_OBJC_ARC = YES;
				CLANG_WARN_BLOCK_CAPTURE_AUTORELEASING = YES;
				CLANG_WARN_BOOL_CONVERSION = YES;
				CLANG_WARN_COMMA = YES;
				CLANG_WARN_CONSTANT_CONVERSION = YES;
				CLANG_WARN_DIRECT_OBJC_ISA_USAGE = YES_ERROR;
				CLANG_WARN_DOCUMENTATION_COMMENTS = YES;
				CLANG_WARN_EMPTY_BODY = YES;
				CLANG_WARN_ENUM_CONVERSION = YES;
				CLANG_WARN_INFINITE_RECURSION = YES;
				CLANG_WARN_INT_CONVERSION = YES;
				CLANG_WARN_NON_LITERAL_NULL_CONVERSION = YES;
				CLANG_WARN_OBJC_LITERAL_CONVERSION = YES;
				CLANG_WARN_OBJC_ROOT_CLASS = YES_ERROR;
				CLANG_WARN_RANGE_LOOP_ANALYSIS = YES;
				CLANG_WARN_STRICT_PROTOTYPES = YES;
				CLANG_WARN_SUSPICIOUS_MOVE = YES;
				CLANG_WARN_UNGUARDED_AVAILABILITY = YES_AGGRESSIVE;
				CLANG_WARN_UNREACHABLE_CODE = YES;
				CLANG_WARN__DUPLICATE_METHOD_MATCH = YES;
				CODE_SIGN_IDENTITY = "iPhone Developer";
				COPY_PHASE_STRIP = NO;
				DEBUG_INFORMATION_FORMAT = "dwarf-with-dsym";
				ENABLE_NS_ASSERTIONS = NO;
				ENABLE_STRICT_OBJC_MSGSEND = YES;
				GCC_C_LANGUAGE_STANDARD = gnu11;
				GCC_NO_COMMON_BLOCKS = YES;
				GCC_WARN_64_TO_32_BIT_CONVERSION = YES;
				GCC_WARN_ABOUT_RETURN_TYPE = YES_ERROR;
				GCC_WARN_UNDECLARED_SELECTOR = YES;
				GCC_WARN_UNINITIALIZED_AUTOS = YES_AGGRESSIVE;
				GCC_WARN_UNUSED_FUNCTION = YES;
				GCC_WARN_UNUSED_VARIABLE = YES;
				IPHONEOS_DEPLOYMENT_TARGET = 11.2;
				MTL_ENABLE_DEBUG_INFO = NO;
				SDKROOT = iphoneos;
				SWIFT_OPTIMIZATION_LEVEL = "-Owholemodule";
				VALIDATE_PRODUCT = YES;
			};
			name = Release;
		};
		EF0149A120600EFE006994B1 /* Debug */ = {
			isa = XCBuildConfiguration;
			baseConfigurationReference = FCD2CB27765BACA37999DC35 /* Pods-Todoey.debug.xcconfig */;
			buildSettings = {
				ASSETCATALOG_COMPILER_APPICON_NAME = AppIcon;
				CODE_SIGN_STYLE = Automatic;
				INFOPLIST_FILE = Todoey/Info.plist;
				LD_RUNPATH_SEARCH_PATHS = "$(inherited) @executable_path/Frameworks";
				PRODUCT_BUNDLE_IDENTIFIER = net.szczegielniak.Todoey;
				PRODUCT_NAME = "$(TARGET_NAME)";
				SWIFT_VERSION = 4.0;
				TARGETED_DEVICE_FAMILY = "1,2";
			};
			name = Debug;
		};
		EF0149A220600EFE006994B1 /* Release */ = {
			isa = XCBuildConfiguration;
			baseConfigurationReference = 30A733733EF49FF6E64F3C31 /* Pods-Todoey.release.xcconfig */;
			buildSettings = {
				ASSETCATALOG_COMPILER_APPICON_NAME = AppIcon;
				CODE_SIGN_STYLE = Automatic;
				INFOPLIST_FILE = Todoey/Info.plist;
				LD_RUNPATH_SEARCH_PATHS = "$(inherited) @executable_path/Frameworks";
				PRODUCT_BUNDLE_IDENTIFIER = net.szczegielniak.Todoey;
				PRODUCT_NAME = "$(TARGET_NAME)";
				SWIFT_VERSION = 4.0;
				TARGETED_DEVICE_FAMILY = "1,2";
			};
			name = Release;
		};
/* End XCBuildConfiguration section */

/* Begin XCConfigurationList section */
		EF01498920600EFE006994B1 /* Build configuration list for PBXProject "Todoey" */ = {
			isa = XCConfigurationList;
			buildConfigurations = (
				EF01499E20600EFE006994B1 /* Debug */,
				EF01499F20600EFE006994B1 /* Release */,
			);
			defaultConfigurationIsVisible = 0;
			defaultConfigurationName = Release;
		};
		EF0149A020600EFE006994B1 /* Build configuration list for PBXNativeTarget "Todoey" */ = {
			isa = XCConfigurationList;
			buildConfigurations = (
				EF0149A120600EFE006994B1 /* Debug */,
				EF0149A220600EFE006994B1 /* Release */,
			);
			defaultConfigurationIsVisible = 0;
			defaultConfigurationName = Release;
		};
/* End XCConfigurationList section */

/* Begin XCVersionGroup section */
		EF48946220610CAA00483469 /* ToDoDataModel.xcdatamodeld */ = {
			isa = XCVersionGroup;
			children = (
				EF48946320610CAA00483469 /* ToDoDataModel.xcdatamodel */,
			);
			currentVersion = EF48946320610CAA00483469 /* ToDoDataModel.xcdatamodel */;
			path = ToDoDataModel.xcdatamodeld;
			sourceTree = "<group>";
			versionGroupType = wrapper.xcdatamodel;
		};
/* End XCVersionGroup section */
	};
	rootObject = EF01498620600EFE006994B1 /* Project object */;
}
